
Microsoft Visual Studio Solution File, Format Version 12.00
# Visual Studio Version 17
VisualStudioVersion = 17.11.35312.102
MinimumVisualStudioVersion = 10.0.40219.1
Project("{888888A0-9F3D-457C-B088-3A5042F75D52}") = "PYLab_3_1", "PYLab_3_1\PYLab_3_1.pyproj", "{2B5E156A-59FB-46CA-90DE-DD88FE2247C1}"
EndProject
Project("{888888A0-9F3D-457C-B088-3A5042F75D52}") = "PYLab_3_2", "PYLab_3_2\PYLab_3_2.pyproj", "{8FDB72EE-F64A-48F1-86D1-E43E1A1ADD35}"
EndProject
Project("{888888A0-9F3D-457C-B088-3A5042F75D52}") = "PYLab_4_3", "PYLab_4_3\PYLab_4_3.pyproj", "{D87365CD-D8BE-4ACC-BFB6-585218E00383}"
EndProject
Project("{888888A0-9F3D-457C-B088-3A5042F75D52}") = "PYLab_4_4", "PYLab_4_4\PYLab_4_4.pyproj", "{30629F08-E45E-4CFC-9A20-81FA868CA148}"
EndProject
Global
	GlobalSection(SolutionConfigurationPlatforms) = preSolution
		Debug|Any CPU = Debug|Any CPU
		Release|Any CPU = Release|Any CPU
	EndGlobalSection
	GlobalSection(ProjectConfigurationPlatforms) = postSolution
		{2B5E156A-59FB-46CA-90DE-DD88FE2247C1}.Debug|Any CPU.ActiveCfg = Debug|Any CPU
		{2B5E156A-59FB-46CA-90DE-DD88FE2247C1}.Release|Any CPU.ActiveCfg = Release|Any CPU
		{8FDB72EE-F64A-48F1-86D1-E43E1A1ADD35}.Debug|Any CPU.ActiveCfg = Debug|Any CPU
		{8FDB72EE-F64A-48F1-86D1-E43E1A1ADD35}.Release|Any CPU.ActiveCfg = Release|Any CPU
		{D87365CD-D8BE-4ACC-BFB6-585218E00383}.Debug|Any CPU.ActiveCfg = Debug|Any CPU
		{D87365CD-D8BE-4ACC-BFB6-585218E00383}.Release|Any CPU.ActiveCfg = Release|Any CPU
		{30629F08-E45E-4CFC-9A20-81FA868CA148}.Debug|Any CPU.ActiveCfg = Debug|Any CPU
		{30629F08-E45E-4CFC-9A20-81FA868CA148}.Release|Any CPU.ActiveCfg = Release|Any CPU
	EndGlobalSection
	GlobalSection(SolutionProperties) = preSolution
		HideSolutionNode = FALSE
	EndGlobalSection
	GlobalSection(ExtensibilityGlobals) = postSolution
		SolutionGuid = {D103D990-4774-4281-9393-ECB580E05C64}
	EndGlobalSection
EndGlobal
